// !$*UTF8*$!
{
	archiveVersion = 1;
	classes = {
	};
	objectVersion = 50;
	objects = {

/* Begin PBXBuildFile section */
		E22B1529239C9F93002B8D3E /* PickerViewController.swift in Sources */ = {isa = PBXBuildFile; fileRef = E22B1528239C9F93002B8D3E /* PickerViewController.swift */; };
		E241467D2396D3CB0047C7A6 /* ContentResizingViewController.swift in Sources */ = {isa = PBXBuildFile; fileRef = E241467C2396D3CB0047C7A6 /* ContentResizingViewController.swift */; };
		E288BA1C238A3ED1004380E4 /* BurnsAudio.h in Headers */ = {isa = PBXBuildFile; fileRef = E288BA1A238A3ED1004380E4 /* BurnsAudio.h */; settings = {ATTRIBUTES = (Public, ); }; };
		E288BA37238A3F0F004380E4 /* ParameterView.swift in Sources */ = {isa = PBXBuildFile; fileRef = E288BA23238A3F0F004380E4 /* ParameterView.swift */; };
		E288BA38238A3F0F004380E4 /* PSlider.swift in Sources */ = {isa = PBXBuildFile; fileRef = E288BA24238A3F0F004380E4 /* PSlider.swift */; };
		E288BA39238A3F0F004380E4 /* Picker.swift in Sources */ = {isa = PBXBuildFile; fileRef = E288BA25238A3F0F004380E4 /* Picker.swift */; };
		E288BA3A238A3F0F004380E4 /* UIView+extensions.swift in Sources */ = {isa = PBXBuildFile; fileRef = E288BA26238A3F0F004380E4 /* UIView+extensions.swift */; };
		E288BA3B238A3F0F004380E4 /* TouchPad.swift in Sources */ = {isa = PBXBuildFile; fileRef = E288BA27238A3F0F004380E4 /* TouchPad.swift */; };
		E288BA3C238A3F0F004380E4 /* UIColor+extensions.swift in Sources */ = {isa = PBXBuildFile; fileRef = E288BA28238A3F0F004380E4 /* UIColor+extensions.swift */; };
		E288BA3D238A3F0F004380E4 /* UIImage+extensions.swift in Sources */ = {isa = PBXBuildFile; fileRef = E288BA29238A3F0F004380E4 /* UIImage+extensions.swift */; };
		E288BA3E238A3F0F004380E4 /* SpectrumUI.swift in Sources */ = {isa = PBXBuildFile; fileRef = E288BA2A238A3F0F004380E4 /* SpectrumUI.swift */; };
		E288BA3F238A3F0F004380E4 /* Spacing.swift in Sources */ = {isa = PBXBuildFile; fileRef = E288BA2B238A3F0F004380E4 /* Spacing.swift */; };
		E288BA40238A3F0F004380E4 /* Knob.swift in Sources */ = {isa = PBXBuildFile; fileRef = E288BA2C238A3F0F004380E4 /* Knob.swift */; };
		E288BA41238A3F0F004380E4 /* BaseAudioUnitViewController.swift in Sources */ = {isa = PBXBuildFile; fileRef = E288BA2D238A3F0F004380E4 /* BaseAudioUnitViewController.swift */; };
		E288BA42238A3F0F004380E4 /* ModTarget.swift in Sources */ = {isa = PBXBuildFile; fileRef = E288BA2E238A3F0F004380E4 /* ModTarget.swift */; };
		E288BA43238A3F0F004380E4 /* Slider.swift in Sources */ = {isa = PBXBuildFile; fileRef = E288BA2F238A3F0F004380E4 /* Slider.swift */; };
		E288BA44238A3F0F004380E4 /* LFOImage.swift in Sources */ = {isa = PBXBuildFile; fileRef = E288BA30238A3F0F004380E4 /* LFOImage.swift */; };
		E288BA45238A3F0F004380E4 /* Button.swift in Sources */ = {isa = PBXBuildFile; fileRef = E288BA31238A3F0F004380E4 /* Button.swift */; };
		E288BA46238A3F0F004380E4 /* AKTouchPad.swift in Sources */ = {isa = PBXBuildFile; fileRef = E288BA33238A3F0F004380E4 /* AKTouchPad.swift */; };
		E288BA47238A3F0F004380E4 /* ActionKit.swift in Sources */ = {isa = PBXBuildFile; fileRef = E288BA34238A3F0F004380E4 /* ActionKit.swift */; };
		E288BA48238A3F0F004380E4 /* LiveKnob.swift in Sources */ = {isa = PBXBuildFile; fileRef = E288BA35238A3F0F004380E4 /* LiveKnob.swift */; };
		E288BA49238A3F0F004380E4 /* Silver.swift in Sources */ = {isa = PBXBuildFile; fileRef = E288BA36238A3F0F004380E4 /* Silver.swift */; };
/* End PBXBuildFile section */

/* Begin PBXFileReference section */
		E22B1528239C9F93002B8D3E /* PickerViewController.swift */ = {isa = PBXFileReference; lastKnownFileType = sourcecode.swift; path = PickerViewController.swift; sourceTree = "<group>"; };
		E241467C2396D3CB0047C7A6 /* ContentResizingViewController.swift */ = {isa = PBXFileReference; lastKnownFileType = sourcecode.swift; path = ContentResizingViewController.swift; sourceTree = "<group>"; };
		E288BA17238A3ED1004380E4 /* BurnsAudio.framework */ = {isa = PBXFileReference; explicitFileType = wrapper.framework; includeInIndex = 0; path = BurnsAudio.framework; sourceTree = BUILT_PRODUCTS_DIR; };
		E288BA1A238A3ED1004380E4 /* BurnsAudio.h */ = {isa = PBXFileReference; lastKnownFileType = sourcecode.c.h; path = BurnsAudio.h; sourceTree = "<group>"; };
		E288BA1B238A3ED1004380E4 /* Info.plist */ = {isa = PBXFileReference; lastKnownFileType = text.plist.xml; path = Info.plist; sourceTree = "<group>"; };
		E288BA23238A3F0F004380E4 /* ParameterView.swift */ = {isa = PBXFileReference; fileEncoding = 4; lastKnownFileType = sourcecode.swift; path = ParameterView.swift; sourceTree = "<group>"; };
		E288BA24238A3F0F004380E4 /* PSlider.swift */ = {isa = PBXFileReference; fileEncoding = 4; lastKnownFileType = sourcecode.swift; path = PSlider.swift; sourceTree = "<group>"; };
		E288BA25238A3F0F004380E4 /* Picker.swift */ = {isa = PBXFileReference; fileEncoding = 4; lastKnownFileType = sourcecode.swift; path = Picker.swift; sourceTree = "<group>"; };
		E288BA26238A3F0F004380E4 /* UIView+extensions.swift */ = {isa = PBXFileReference; fileEncoding = 4; lastKnownFileType = sourcecode.swift; path = "UIView+extensions.swift"; sourceTree = "<group>"; };
		E288BA27238A3F0F004380E4 /* TouchPad.swift */ = {isa = PBXFileReference; fileEncoding = 4; lastKnownFileType = sourcecode.swift; path = TouchPad.swift; sourceTree = "<group>"; };
		E288BA28238A3F0F004380E4 /* UIColor+extensions.swift */ = {isa = PBXFileReference; fileEncoding = 4; lastKnownFileType = sourcecode.swift; path = "UIColor+extensions.swift"; sourceTree = "<group>"; };
		E288BA29238A3F0F004380E4 /* UIImage+extensions.swift */ = {isa = PBXFileReference; fileEncoding = 4; lastKnownFileType = sourcecode.swift; path = "UIImage+extensions.swift"; sourceTree = "<group>"; };
		E288BA2A238A3F0F004380E4 /* SpectrumUI.swift */ = {isa = PBXFileReference; fileEncoding = 4; lastKnownFileType = sourcecode.swift; path = SpectrumUI.swift; sourceTree = "<group>"; };
		E288BA2B238A3F0F004380E4 /* Spacing.swift */ = {isa = PBXFileReference; fileEncoding = 4; lastKnownFileType = sourcecode.swift; path = Spacing.swift; sourceTree = "<group>"; };
		E288BA2C238A3F0F004380E4 /* Knob.swift */ = {isa = PBXFileReference; fileEncoding = 4; lastKnownFileType = sourcecode.swift; path = Knob.swift; sourceTree = "<group>"; };
		E288BA2D238A3F0F004380E4 /* BaseAudioUnitViewController.swift */ = {isa = PBXFileReference; fileEncoding = 4; lastKnownFileType = sourcecode.swift; path = BaseAudioUnitViewController.swift; sourceTree = "<group>"; };
		E288BA2E238A3F0F004380E4 /* ModTarget.swift */ = {isa = PBXFileReference; fileEncoding = 4; lastKnownFileType = sourcecode.swift; path = ModTarget.swift; sourceTree = "<group>"; };
		E288BA2F238A3F0F004380E4 /* Slider.swift */ = {isa = PBXFileReference; fileEncoding = 4; lastKnownFileType = sourcecode.swift; path = Slider.swift; sourceTree = "<group>"; };
		E288BA30238A3F0F004380E4 /* LFOImage.swift */ = {isa = PBXFileReference; fileEncoding = 4; lastKnownFileType = sourcecode.swift; path = LFOImage.swift; sourceTree = "<group>"; };
		E288BA31238A3F0F004380E4 /* Button.swift */ = {isa = PBXFileReference; fileEncoding = 4; lastKnownFileType = sourcecode.swift; path = Button.swift; sourceTree = "<group>"; };
		E288BA33238A3F0F004380E4 /* AKTouchPad.swift */ = {isa = PBXFileReference; fileEncoding = 4; lastKnownFileType = sourcecode.swift; path = AKTouchPad.swift; sourceTree = "<group>"; };
		E288BA34238A3F0F004380E4 /* ActionKit.swift */ = {isa = PBXFileReference; fileEncoding = 4; lastKnownFileType = sourcecode.swift; path = ActionKit.swift; sourceTree = "<group>"; };
		E288BA35238A3F0F004380E4 /* LiveKnob.swift */ = {isa = PBXFileReference; fileEncoding = 4; lastKnownFileType = sourcecode.swift; path = LiveKnob.swift; sourceTree = "<group>"; };
		E288BA36238A3F0F004380E4 /* Silver.swift */ = {isa = PBXFileReference; fileEncoding = 4; lastKnownFileType = sourcecode.swift; path = Silver.swift; sourceTree = "<group>"; };
/* End PBXFileReference section */

/* Begin PBXFrameworksBuildPhase section */
		E288BA14238A3ED1004380E4 /* Frameworks */ = {
			isa = PBXFrameworksBuildPhase;
			buildActionMask = 2147483647;
			files = (
			);
			runOnlyForDeploymentPostprocessing = 0;
		};
/* End PBXFrameworksBuildPhase section */

/* Begin PBXGroup section */
		E288BA0D238A3ED1004380E4 = {
			isa = PBXGroup;
			children = (
				E288BA19238A3ED1004380E4 /* BurnsAudio */,
				E288BA18238A3ED1004380E4 /* Products */,
			);
			sourceTree = "<group>";
		};
		E288BA18238A3ED1004380E4 /* Products */ = {
			isa = PBXGroup;
			children = (
				E288BA17238A3ED1004380E4 /* BurnsAudio.framework */,
			);
			name = Products;
			sourceTree = "<group>";
		};
		E288BA19238A3ED1004380E4 /* BurnsAudio */ = {
			isa = PBXGroup;
			children = (
				E288BA36238A3F0F004380E4 /* Silver.swift */,
				E288BA22238A3F0F004380E4 /* UI */,
				E288BA1A238A3ED1004380E4 /* BurnsAudio.h */,
				E288BA1B238A3ED1004380E4 /* Info.plist */,
			);
			path = BurnsAudio;
			sourceTree = "<group>";
		};
		E288BA22238A3F0F004380E4 /* UI */ = {
			isa = PBXGroup;
			children = (
				E288BA23238A3F0F004380E4 /* ParameterView.swift */,
				E288BA24238A3F0F004380E4 /* PSlider.swift */,
				E288BA25238A3F0F004380E4 /* Picker.swift */,
				E288BA26238A3F0F004380E4 /* UIView+extensions.swift */,
				E288BA27238A3F0F004380E4 /* TouchPad.swift */,
				E288BA28238A3F0F004380E4 /* UIColor+extensions.swift */,
				E288BA29238A3F0F004380E4 /* UIImage+extensions.swift */,
				E288BA2A238A3F0F004380E4 /* SpectrumUI.swift */,
				E288BA2B238A3F0F004380E4 /* Spacing.swift */,
				E288BA2C238A3F0F004380E4 /* Knob.swift */,
				E288BA2D238A3F0F004380E4 /* BaseAudioUnitViewController.swift */,
				E288BA2E238A3F0F004380E4 /* ModTarget.swift */,
				E288BA2F238A3F0F004380E4 /* Slider.swift */,
				E288BA30238A3F0F004380E4 /* LFOImage.swift */,
				E288BA31238A3F0F004380E4 /* Button.swift */,
				E288BA32238A3F0F004380E4 /* Vendor */,
				E241467C2396D3CB0047C7A6 /* ContentResizingViewController.swift */,
				E22B1528239C9F93002B8D3E /* PickerViewController.swift */,
			);
			path = UI;
			sourceTree = "<group>";
		};
		E288BA32238A3F0F004380E4 /* Vendor */ = {
			isa = PBXGroup;
			children = (
				E288BA33238A3F0F004380E4 /* AKTouchPad.swift */,
				E288BA34238A3F0F004380E4 /* ActionKit.swift */,
				E288BA35238A3F0F004380E4 /* LiveKnob.swift */,
			);
			path = Vendor;
			sourceTree = "<group>";
		};
/* End PBXGroup section */

/* Begin PBXHeadersBuildPhase section */
		E288BA12238A3ED1004380E4 /* Headers */ = {
			isa = PBXHeadersBuildPhase;
			buildActionMask = 2147483647;
			files = (
				E288BA1C238A3ED1004380E4 /* BurnsAudio.h in Headers */,
			);
			runOnlyForDeploymentPostprocessing = 0;
		};
/* End PBXHeadersBuildPhase section */

/* Begin PBXNativeTarget section */
		E288BA16238A3ED1004380E4 /* BurnsAudio */ = {
			isa = PBXNativeTarget;
			buildConfigurationList = E288BA1F238A3ED1004380E4 /* Build configuration list for PBXNativeTarget "BurnsAudio" */;
			buildPhases = (
				E288BA12238A3ED1004380E4 /* Headers */,
				E288BA13238A3ED1004380E4 /* Sources */,
				E288BA14238A3ED1004380E4 /* Frameworks */,
				E288BA15238A3ED1004380E4 /* Resources */,
			);
			buildRules = (
			);
			dependencies = (
			);
			name = BurnsAudio;
			productName = BurnsAudio;
			productReference = E288BA17238A3ED1004380E4 /* BurnsAudio.framework */;
			productType = "com.apple.product-type.framework";
		};
/* End PBXNativeTarget section */

/* Begin PBXProject section */
		E288BA0E238A3ED1004380E4 /* Project object */ = {
			isa = PBXProject;
			attributes = {
				LastUpgradeCheck = 1020;
				ORGANIZATIONNAME = tom;
				TargetAttributes = {
					E288BA16238A3ED1004380E4 = {
						CreatedOnToolsVersion = 10.2;
						LastSwiftMigration = 1020;
					};
				};
			};
			buildConfigurationList = E288BA11238A3ED1004380E4 /* Build configuration list for PBXProject "BurnsAudio" */;
			compatibilityVersion = "Xcode 9.3";
			developmentRegion = en;
			hasScannedForEncodings = 0;
			knownRegions = (
				en,
			);
			mainGroup = E288BA0D238A3ED1004380E4;
			productRefGroup = E288BA18238A3ED1004380E4 /* Products */;
			projectDirPath = "";
			projectRoot = "";
			targets = (
				E288BA16238A3ED1004380E4 /* BurnsAudio */,
			);
		};
/* End PBXProject section */

/* Begin PBXResourcesBuildPhase section */
		E288BA15238A3ED1004380E4 /* Resources */ = {
			isa = PBXResourcesBuildPhase;
			buildActionMask = 2147483647;
			files = (
			);
			runOnlyForDeploymentPostprocessing = 0;
		};
/* End PBXResourcesBuildPhase section */

/* Begin PBXSourcesBuildPhase section */
		E288BA13238A3ED1004380E4 /* Sources */ = {
			isa = PBXSourcesBuildPhase;
			buildActionMask = 2147483647;
			files = (
				E288BA37238A3F0F004380E4 /* ParameterView.swift in Sources */,
				E288BA49238A3F0F004380E4 /* Silver.swift in Sources */,
				E288BA3D238A3F0F004380E4 /* UIImage+extensions.swift in Sources */,
				E288BA3F238A3F0F004380E4 /* Spacing.swift in Sources */,
				E288BA41238A3F0F004380E4 /* BaseAudioUnitViewController.swift in Sources */,
				E288BA39238A3F0F004380E4 /* Picker.swift in Sources */,
				E288BA3A238A3F0F004380E4 /* UIView+extensions.swift in Sources */,
				E241467D2396D3CB0047C7A6 /* ContentResizingViewController.swift in Sources */,
				E288BA3E238A3F0F004380E4 /* SpectrumUI.swift in Sources */,
				E288BA47238A3F0F004380E4 /* ActionKit.swift in Sources */,
				E288BA3B238A3F0F004380E4 /* TouchPad.swift in Sources */,
				E288BA48238A3F0F004380E4 /* LiveKnob.swift in Sources */,
				E22B1529239C9F93002B8D3E /* PickerViewController.swift in Sources */,
				E288BA40238A3F0F004380E4 /* Knob.swift in Sources */,
				E288BA44238A3F0F004380E4 /* LFOImage.swift in Sources */,
				E288BA45238A3F0F004380E4 /* Button.swift in Sources */,
				E288BA42238A3F0F004380E4 /* ModTarget.swift in Sources */,
				E288BA38238A3F0F004380E4 /* PSlider.swift in Sources */,
				E288BA3C238A3F0F004380E4 /* UIColor+extensions.swift in Sources */,
				E288BA43238A3F0F004380E4 /* Slider.swift in Sources */,
				E288BA46238A3F0F004380E4 /* AKTouchPad.swift in Sources */,
			);
			runOnlyForDeploymentPostprocessing = 0;
		};
/* End PBXSourcesBuildPhase section */

/* Begin XCBuildConfiguration section */
		E288BA1D238A3ED1004380E4 /* Debug */ = {
			isa = XCBuildConfiguration;
			buildSettings = {
				ALWAYS_SEARCH_USER_PATHS = NO;
				CLANG_ANALYZER_NONNULL = YES;
				CLANG_ANALYZER_NUMBER_OBJECT_CONVERSION = YES_AGGRESSIVE;
				CLANG_CXX_LANGUAGE_STANDARD = "gnu++14";
				CLANG_CXX_LIBRARY = "libc++";
				CLANG_ENABLE_MODULES = YES;
				CLANG_ENABLE_OBJC_ARC = YES;
				CLANG_ENABLE_OBJC_WEAK = YES;
				CLANG_WARN_BLOCK_CAPTURE_AUTORELEASING = YES;
				CLANG_WARN_BOOL_CONVERSION = YES;
				CLANG_WARN_COMMA = YES;
				CLANG_WARN_CONSTANT_CONVERSION = YES;
				CLANG_WARN_DEPRECATED_OBJC_IMPLEMENTATIONS = YES;
				CLANG_WARN_DIRECT_OBJC_ISA_USAGE = YES_ERROR;
				CLANG_WARN_DOCUMENTATION_COMMENTS = YES;
				CLANG_WARN_EMPTY_BODY = YES;
				CLANG_WARN_ENUM_CONVERSION = YES;
				CLANG_WARN_INFINITE_RECURSION = YES;
				CLANG_WARN_INT_CONVERSION = YES;
				CLANG_WARN_NON_LITERAL_NULL_CONVERSION = YES;
				CLANG_WARN_OBJC_IMPLICIT_RETAIN_SELF = YES;
				CLANG_WARN_OBJC_LITERAL_CONVERSION = YES;
				CLANG_WARN_OBJC_ROOT_CLASS = YES_ERROR;
				CLANG_WARN_RANGE_LOOP_ANALYSIS = YES;
				CLANG_WARN_STRICT_PROTOTYPES = YES;
				CLANG_WARN_SUSPICIOUS_MOVE = YES;
				CLANG_WARN_UNGUARDED_AVAILABILITY = YES_AGGRESSIVE;
				CLANG_WARN_UNREACHABLE_CODE = YES;
				CLANG_WARN__DUPLICATE_METHOD_MATCH = YES;
				CODE_SIGN_IDENTITY = "iPhone Developer";
				COPY_PHASE_STRIP = NO;
				CURRENT_PROJECT_VERSION = 1;
				DEBUG_INFORMATION_FORMAT = dwarf;
				ENABLE_STRICT_OBJC_MSGSEND = YES;
				ENABLE_TESTABILITY = YES;
				GCC_C_LANGUAGE_STANDARD = gnu11;
				GCC_DYNAMIC_NO_PIC = NO;
				GCC_NO_COMMON_BLOCKS = YES;
				GCC_OPTIMIZATION_LEVEL = 0;
				GCC_PREPROCESSOR_DEFINITIONS = (
					"DEBUG=1",
					"$(inherited)",
				);
				GCC_WARN_64_TO_32_BIT_CONVERSION = YES;
				GCC_WARN_ABOUT_RETURN_TYPE = YES_ERROR;
				GCC_WARN_UNDECLARED_SELECTOR = YES;
				GCC_WARN_UNINITIALIZED_AUTOS = YES_AGGRESSIVE;
				GCC_WARN_UNUSED_FUNCTION = YES;
				GCC_WARN_UNUSED_VARIABLE = YES;
				IPHONEOS_DEPLOYMENT_TARGET = 12.2;
				MTL_ENABLE_DEBUG_INFO = INCLUDE_SOURCE;
				MTL_FAST_MATH = YES;
				ONLY_ACTIVE_ARCH = YES;
				SDKROOT = iphoneos;
				SWIFT_ACTIVE_COMPILATION_CONDITIONS = DEBUG;
				SWIFT_OPTIMIZATION_LEVEL = "-Onone";
				VERSIONING_SYSTEM = "apple-generic";
				VERSION_INFO_PREFIX = "";
			};
			name = Debug;
		};
		E288BA1E238A3ED1004380E4 /* Release */ = {
			isa = XCBuildConfiguration;
			buildSettings = {
				ALWAYS_SEARCH_USER_PATHS = NO;
				CLANG_ANALYZER_NONNULL = YES;
				CLANG_ANALYZER_NUMBER_OBJECT_CONVERSION = YES_AGGRESSIVE;
				CLANG_CXX_LANGUAGE_STANDARD = "gnu++14";
				CLANG_CXX_LIBRARY = "libc++";
				CLANG_ENABLE_MODULES = YES;
				CLANG_ENABLE_OBJC_ARC = YES;
				CLANG_ENABLE_OBJC_WEAK = YES;
				CLANG_WARN_BLOCK_CAPTURE_AUTORELEASING = YES;
				CLANG_WARN_BOOL_CONVERSION = YES;
				CLANG_WARN_COMMA = YES;
				CLANG_WARN_CONSTANT_CONVERSION = YES;
				CLANG_WARN_DEPRECATED_OBJC_IMPLEMENTATIONS = YES;
				CLANG_WARN_DIRECT_OBJC_ISA_USAGE = YES_ERROR;
				CLANG_WARN_DOCUMENTATION_COMMENTS = YES;
				CLANG_WARN_EMPTY_BODY = YES;
				CLANG_WARN_ENUM_CONVERSION = YES;
				CLANG_WARN_INFINITE_RECURSION = YES;
				CLANG_WARN_INT_CONVERSION = YES;
				CLANG_WARN_NON_LITERAL_NULL_CONVERSION = YES;
				CLANG_WARN_OBJC_IMPLICIT_RETAIN_SELF = YES;
				CLANG_WARN_OBJC_LITERAL_CONVERSION = YES;
				CLANG_WARN_OBJC_ROOT_CLASS = YES_ERROR;
				CLANG_WARN_RANGE_LOOP_ANALYSIS = YES;
				CLANG_WARN_STRICT_PROTOTYPES = YES;
				CLANG_WARN_SUSPICIOUS_MOVE = YES;
				CLANG_WARN_UNGUARDED_AVAILABILITY = YES_AGGRESSIVE;
				CLANG_WARN_UNREACHABLE_CODE = YES;
				CLANG_WARN__DUPLICATE_METHOD_MATCH = YES;
				CODE_SIGN_IDENTITY = "iPhone Developer";
				COPY_PHASE_STRIP = NO;
				CURRENT_PROJECT_VERSION = 1;
				DEBUG_INFORMATION_FORMAT = "dwarf-with-dsym";
				ENABLE_NS_ASSERTIONS = NO;
				ENABLE_STRICT_OBJC_MSGSEND = YES;
				GCC_C_LANGUAGE_STANDARD = gnu11;
				GCC_NO_COMMON_BLOCKS = YES;
				GCC_WARN_64_TO_32_BIT_CONVERSION = YES;
				GCC_WARN_ABOUT_RETURN_TYPE = YES_ERROR;
				GCC_WARN_UNDECLARED_SELECTOR = YES;
				GCC_WARN_UNINITIALIZED_AUTOS = YES_AGGRESSIVE;
				GCC_WARN_UNUSED_FUNCTION = YES;
				GCC_WARN_UNUSED_VARIABLE = YES;
				IPHONEOS_DEPLOYMENT_TARGET = 12.2;
				MTL_ENABLE_DEBUG_INFO = NO;
				MTL_FAST_MATH = YES;
				SDKROOT = iphoneos;
				SWIFT_COMPILATION_MODE = wholemodule;
				SWIFT_OPTIMIZATION_LEVEL = "-O";
				VALIDATE_PRODUCT = YES;
				VERSIONING_SYSTEM = "apple-generic";
				VERSION_INFO_PREFIX = "";
			};
			name = Release;
		};
		E288BA20238A3ED1004380E4 /* Debug */ = {
			isa = XCBuildConfiguration;
			buildSettings = {
				CLANG_ENABLE_MODULES = YES;
				CODE_SIGN_IDENTITY = "";
				CODE_SIGN_STYLE = Automatic;
				DEFINES_MODULE = YES;
				DEVELOPMENT_TEAM = YC8HZ62228;
				DYLIB_COMPATIBILITY_VERSION = 1;
				DYLIB_CURRENT_VERSION = 1;
				DYLIB_INSTALL_NAME_BASE = "@rpath";
				INFOPLIST_FILE = BurnsAudio/Info.plist;
				INSTALL_PATH = "$(LOCAL_LIBRARY_DIR)/Frameworks";
				IPHONEOS_DEPLOYMENT_TARGET = 11.0;
				LD_RUNPATH_SEARCH_PATHS = (
					"$(inherited)",
					"@executable_path/Frameworks",
					"@loader_path/Frameworks",
				);
				PRODUCT_BUNDLE_IDENTIFIER = com.burnsaudio.BurnsAudio;
				PRODUCT_NAME = "$(TARGET_NAME:c99extidentifier)";
				SKIP_INSTALL = YES;
				SWIFT_OPTIMIZATION_LEVEL = "-Onone";
				SWIFT_VERSION = 5.0;
				TARGETED_DEVICE_FAMILY = "1,2";
			};
			name = Debug;
		};
		E288BA21238A3ED1004380E4 /* Release */ = {
			isa = XCBuildConfiguration;
			buildSettings = {
				CLANG_ENABLE_MODULES = YES;
				CODE_SIGN_IDENTITY = "";
				CODE_SIGN_STYLE = Automatic;
				DEFINES_MODULE = YES;
				DEVELOPMENT_TEAM = YC8HZ62228;
				DYLIB_COMPATIBILITY_VERSION = 1;
				DYLIB_CURRENT_VERSION = 1;
				DYLIB_INSTALL_NAME_BASE = "@rpath";
				INFOPLIST_FILE = BurnsAudio/Info.plist;
				INSTALL_PATH = "$(LOCAL_LIBRARY_DIR)/Frameworks";
				IPHONEOS_DEPLOYMENT_TARGET = 11.0;
				LD_RUNPATH_SEARCH_PATHS = (
					"$(inherited)",
					"@executable_path/Frameworks",
					"@loader_path/Frameworks",
				);
				PRODUCT_BUNDLE_IDENTIFIER = com.burnsaudio.BurnsAudio;
				PRODUCT_NAME = "$(TARGET_NAME:c99extidentifier)";
				SKIP_INSTALL = YES;
				SWIFT_VERSION = 5.0;
				TARGETED_DEVICE_FAMILY = "1,2";
			};
			name = Release;
		};
/* End XCBuildConfiguration section */

/* Begin XCConfigurationList section */
		E288BA11238A3ED1004380E4 /* Build configuration list for PBXProject "BurnsAudio" */ = {
			isa = XCConfigurationList;
			buildConfigurations = (
				E288BA1D238A3ED1004380E4 /* Debug */,
				E288BA1E238A3ED1004380E4 /* Release */,
			);
			defaultConfigurationIsVisible = 0;
			defaultConfigurationName = Release;
		};
		E288BA1F238A3ED1004380E4 /* Build configuration list for PBXNativeTarget "BurnsAudio" */ = {
			isa = XCConfigurationList;
			buildConfigurations = (
				E288BA20238A3ED1004380E4 /* Debug */,
				E288BA21238A3ED1004380E4 /* Release */,
			);
			defaultConfigurationIsVisible = 0;
			defaultConfigurationName = Release;
		};
/* End XCConfigurationList section */
	};
	rootObject = E288BA0E238A3ED1004380E4 /* Project object */;
}
